version = 1
requires-python = ">=3.12"

[[package]]
name = "opuslib"
version = "3.0.1"
source = { registry = "https://pypi.org/simple" }
sdist = { url = "https://files.pythonhosted.org/packages/46/55/826befabb29fd3902bad6d6d7308790894c7ad4d73f051728a0c53d37cd7/opuslib-3.0.1.tar.gz", hash = "sha256:2cb045e5b03e7fc50dfefe431e3404dddddbd8f5961c10c51e32dfb69a044c97", size = 8550 }

[[package]]
name = "protobuf"
version = "5.29.2"
source = { registry = "https://pypi.org/simple" }
sdist = { url = "https://files.pythonhosted.org/packages/a5/73/4e6295c1420a9d20c9c351db3a36109b4c9aa601916cb7c6871e3196a1ca/protobuf-5.29.2.tar.gz", hash = "sha256:b2cc8e8bb7c9326996f0e160137b0861f1a82162502658df2951209d0cb0309e", size = 424901 }
wheels = [
    { url = "https://files.pythonhosted.org/packages/f3/42/6db5387124708d619ffb990a846fb123bee546f52868039f8fa964c5bc54/protobuf-5.29.2-cp310-abi3-win32.whl", hash = "sha256:c12ba8249f5624300cf51c3d0bfe5be71a60c63e4dcf51ffe9a68771d958c851", size = 422697 },
    { url = "https://files.pythonhosted.org/packages/6c/38/2fcc968b377b531882d6ab2ac99b10ca6d00108394f6ff57c2395fb7baff/protobuf-5.29.2-cp310-abi3-win_amd64.whl", hash = "sha256:842de6d9241134a973aab719ab42b008a18a90f9f07f06ba480df268f86432f9", size = 434495 },
    { url = "https://files.pythonhosted.org/packages/cb/26/41debe0f6615fcb7e97672057524687ed86fcd85e3da3f031c30af8f0c51/protobuf-5.29.2-cp38-abi3-macosx_10_9_universal2.whl", hash = "sha256:a0c53d78383c851bfa97eb42e3703aefdc96d2036a41482ffd55dc5f529466eb", size = 417812 },
    { url = "https://files.pythonhosted.org/packages/e4/20/38fc33b60dcfb380507b99494aebe8c34b68b8ac7d32808c4cebda3f6f6b/protobuf-5.29.2-cp38-abi3-manylinux2014_aarch64.whl", hash = "sha256:494229ecd8c9009dd71eda5fd57528395d1eacdf307dbece6c12ad0dd09e912e", size = 319562 },
    { url = "https://files.pythonhosted.org/packages/90/4d/c3d61e698e0e41d926dbff6aa4e57428ab1a6fc3b5e1deaa6c9ec0fd45cf/protobuf-5.29.2-cp38-abi3-manylinux2014_x86_64.whl", hash = "sha256:b6b0d416bbbb9d4fbf9d0561dbfc4e324fd522f61f7af0fe0f282ab67b22477e", size = 319662 },
    { url = "https://files.pythonhosted.org/packages/f3/fd/c7924b4c2a1c61b8f4b64edd7a31ffacf63432135a2606f03a2f0d75a750/protobuf-5.29.2-py3-none-any.whl", hash = "sha256:fde4554c0e578a5a0bcc9a276339594848d1e89f9ea47b4427c80e5d72f90181", size = 172539 },
]

[[package]]
name = "pymumble"
version = "2.0.0"
source = { editable = "." }
dependencies = [
    { name = "opuslib" },
    { name = "protobuf" },
]

[package.metadata]
requires-dist = [
    { name = "opuslib", specifier = "==3.0.1" },
    { name = "protobuf", specifier = ">=5.29.2" },
]
