version = 1
requires-python = ">=3.12"

[[package]]
name = "opuslib"
version = "3.0.1"
source = { registry = "https://pypi.org/simple" }
sdist = { url = "https://files.pythonhosted.org/packages/46/55/826befabb29fd3902bad6d6d7308790894c7ad4d73f051728a0c53d37cd7/opuslib-3.0.1.tar.gz", hash = "sha256:2cb045e5b03e7fc50dfefe431e3404dddddbd8f5961c10c51e32dfb69a044c97", size = 8550 }

[[package]]
name = "protobuf"
version = "3.20.3"
source = { registry = "https://pypi.org/simple" }
sdist = { url = "https://files.pythonhosted.org/packages/55/5b/e3d951e34f8356e5feecacd12a8e3b258a1da6d9a03ad1770f28925f29bc/protobuf-3.20.3.tar.gz", hash = "sha256:2e3427429c9cffebf259491be0af70189607f365c2f41c7c3764af6f337105f2", size = 216768 }
wheels = [
    { url = "https://files.pythonhosted.org/packages/8d/14/619e24a4c70df2901e1f4dbc50a6291eb63a759172558df326347dce1f0d/protobuf-3.20.3-py2.py3-none-any.whl", hash = "sha256:a7ca6d488aa8ff7f329d4c545b2dbad8ac31464f1d8b1c87ad1346717731e4db", size = 162128 },
]

[[package]]
name = "pymumble"
version = "2.0.0"
source = { editable = "." }
dependencies = [
    { name = "opuslib" },
    { name = "protobuf" },
]

[package.metadata]
requires-dist = [
    { name = "opuslib", specifier = "==3.0.1" },
    { name = "protobuf", specifier = "==3.20.3" },
]
